
Microsoft Visual Studio Solution File, Format Version 12.00
# Visual Studio Version 16
VisualStudioVersion = 16.0.32802.440
MinimumVisualStudioVersion = 10.0.40219.1
Project("{FAE04EC0-301F-11D3-BF4B-00C04F79EFBC}") = "DSA_Learn", "DSA_Learn\DSA_Learn.csproj", "{8FFFF3D7-AFA2-4CB7-BB82-472DE1CD731D}"
EndProject
Global
	GlobalSection(SolutionConfigurationPlatforms) = preSolution
		Debug|Any CPU = Debug|Any CPU
		Release|Any CPU = Release|Any CPU
	EndGlobalSection
	GlobalSection(ProjectConfigurationPlatforms) = postSolution
		{8FFFF3D7-AFA2-4CB7-BB82-472DE1CD731D}.Debug|Any CPU.ActiveCfg = Debug|Any CPU
		{8FFFF3D7-AFA2-4CB7-BB82-472DE1CD731D}.Debug|Any CPU.Build.0 = Debug|Any CPU
		{8FFFF3D7-AFA2-4CB7-BB82-472DE1CD731D}.Release|Any CPU.ActiveCfg = Release|Any CPU
		{8FFFF3D7-AFA2-4CB7-BB82-472DE1CD731D}.Release|Any CPU.Build.0 = Release|Any CPU
	EndGlobalSection
	GlobalSection(SolutionProperties) = preSolution
		HideSolutionNode = FALSE
	EndGlobalSection
	GlobalSection(ExtensibilityGlobals) = postSolution
		SolutionGuid = {BAB50523-6DB8-4F0E-9825-D6FD5950038D}
	EndGlobalSection
EndGlobal
